{
  "name": "opencode",
  "lockfileVersion": 3,
  "requires": true,
  "packages": {
    "": {
      "dependencies": {
        "opencode-ai": "1.18.34"
      }
    },
    "node_modules/opencode-ai": {
      "version": "1.18.34",
      "resolved": "https://registry.npmjs.org/opencode-ai/-/opencode-ai-1.18.34.tgz",
      "integrity": "sha512-9WUS2T0t4HHDVzXvuwTHF0nvhXvZ9mQ0r+ozCvKdJu0LVoQpOzqAW4qWTC3ygNc5Oedcc7j+Oct24JYlQYnySA==",
      "cpu": [
        "arm64",
        "x64"
      ],
      "hasInstallScript": true,
      "license": "MIT",
      "os": [
        "darwin",
        "linux",
        "win32"
      ],
      "bin": {
        "opencode": "bin/opencode.exe"
      },
      "optionalDependencies": {
        "opencode-darwin-arm64": "1.18.34",
        "opencode-darwin-x64": "1.18.34",
        "opencode-darwin-x64-baseline": "1.18.34",
        "opencode-linux-arm64": "1.18.34",
        "opencode-linux-arm64-musl": "1.18.34",
        "opencode-linux-x64": "1.18.34",
        "opencode-linux-x64-baseline": "1.18.34",
        "opencode-linux-x64-baseline-musl": "1.18.34",
        "opencode-linux-x64-musl": "1.18.34",
        "opencode-windows-arm64": "1.18.34",
        "opencode-windows-x64": "1.18.34",
        "opencode-windows-x64-baseline": "1.18.34"
      }
    },
    "node_modules/opencode-darwin-arm64": {
      "version": "1.18.34",
      "resolved": "https://registry.npmjs.org/opencode-darwin-arm64/-/opencode-darwin-arm64-1.18.34.tgz",
      "integrity": "sha512-ioBEvc3nUA64waDIVsphh92LgJgyTbq+uRd0OurdqqT9WEI9rp4J7NrA24NfL6epCa1Xr06TnRx5+th9W3T/sA==",
      "cpu": [
        "arm64"
      ],
      "optional": true,
      "os": [
        "darwin"
      ]
    },
    "node_modules/opencode-darwin-x64": {
      "version": "1.18.34",
      "resolved": "https://registry.npmjs.org/opencode-darwin-x64/-/opencode-darwin-x64-1.18.34.tgz",
      "integrity": "sha512-o8KXQ4jP5zfEHJAYpCz5Ifs0aa5dX+26wyLbxHEvfyGJu8hrBoNiJed3PE0uiPIlHCrj5yzF0b6k5aWonaPcTw==",
      "cpu": [
        "x64"
      ],
      "optional": true,
      "os": [
        "darwin"
      ]
    },
    "node_modules/opencode-darwin-x64-baseline": {
      "version": "1.18.34",
      "resolved": "https://registry.npmjs.org/opencode-darwin-x64-baseline/-/opencode-darwin-x64-baseline-1.18.34.tgz",
      "integrity": "sha512-WF9kdwGRDkss6jBR6lR3bG66U804onEaROY0zRtpWx2uyhaxKtLnOV74BYuS71meqkbsxLNA1SZKfi8qvS8HJA==",
      "cpu": [
        "x64"
      ],
      "optional": true,
      "os": [
        "darwin"
      ]
    },
    "node_modules/opencode-linux-arm64": {
      "version": "1.18.34",
      "resolved": "https://registry.npmjs.org/opencode-linux-arm64/-/opencode-linux-arm64-1.18.34.tgz",
      "integrity": "sha512-ZSjqcH0MEbAzLEmkRC9Aop1PbWZxe2NuKONAE/x8MRQdjKdOepX7M50UpjbsNoiLMkP584Z98Mg4a42fJhouvA==",
      "cpu": [
        "arm64"
      ],
      "optional": true,
      "os": [
        "linux"
      ]
    },
    "node_modules/opencode-linux-arm64-musl": {
      "version": "1.18.34",
      "resolved": "https://registry.npmjs.org/opencode-linux-arm64-musl/-/opencode-linux-arm64-musl-1.18.34.tgz",
      "integrity": "sha512-3iCUYcJ0a6z4QjqgpCCA0G0cJHCNiJSg6zxUz9nQZvQ8tAJH0fgrI8Qu5E3RuRvFwk75oOQL8iHBW5cD3Pwrrw==",
      "cpu": [
        "arm64"
      ],
      "optional": true,
      "os": [
        "linux"
      ]
    },
    "node_modules/opencode-linux-x64": {
      "version": "1.18.34",
      "resolved": "https://registry.npmjs.org/opencode-linux-x64/-/opencode-linux-x64-1.18.34.tgz",
      "integrity": "sha512-RTAMjCve4euxP2QKLuvRmdoW5J5DQK1DiZqt+7slfixyjAEi79QC2Df2oYKogibaAI4IEU8uzenoJeEl3k+UEw==",
      "cpu": [
        "x64"
      ],
      "optional": true,
      "os": [
        "linux"
      ]
    },
    "node_modules/opencode-linux-x64-baseline": {
      "version": "1.18.34",
      "resolved": "https://registry.npmjs.org/opencode-linux-x64-baseline/-/opencode-linux-x64-baseline-1.18.34.tgz",
      "integrity": "sha512-StWC81sqAGzsig602U6xui3t0Y/kJtZRmJd+H1xYTY7zVLIZ4Iucb1Wp0no6A7/sDj6VqtFKdL718usH92sHBA==",
      "cpu": [
        "x64"
      ],
      "optional": true,
      "os": [
        "linux"
      ]
    },
    "node_modules/opencode-linux-x64-baseline-musl": {
      "version": "1.18.34",
      "resolved": "https://registry.npmjs.org/opencode-linux-x64-baseline-musl/-/opencode-linux-x64-baseline-musl-1.18.34.tgz",
      "integrity": "sha512-LXNBBe4MBKwa1msQdVdKdr6J48zW4zC05h++6n9a2vwrm9zUQR5n7ZcS6qvVnEprl/qSBx9JTTZbkRrB4FIezQ==",
      "cpu": [
        "x64"
      ],
      "optional": true,
      "os": [
        "linux"
      ]
    },
    "node_modules/opencode-linux-x64-musl": {
      "version": "1.18.34",
      "resolved": "https://registry.npmjs.org/opencode-linux-x64-musl/-/opencode-linux-x64-musl-1.18.34.tgz",
      "integrity": "sha512-PigrBoMSnozys5C5ls8YZTrUPNNN1AhbySib7yJETkqGRUFOkg1Z1eTUnz9dXJRXshWA4n15dOVo+Sqx1FYPIg==",
      "cpu": [
        "x64"
      ],
      "optional": true,
      "os": [
        "linux"
      ]
    },
    "node_modules/opencode-windows-arm64": {
      "version": "1.18.34",
      "resolved": "https://registry.npmjs.org/opencode-windows-arm64/-/opencode-windows-arm64-1.18.34.tgz",
      "integrity": "sha512-W1sCmZPywVjHTaK88ASWTLOR2UcF70LBNiJddKoBG8Yxb70avl+GUlpNNa026E6y9T84s3n5xZ07ZL7u6Wo3Ew==",
      "cpu": [
        "arm64"
      ],
      "optional": true,
      "os": [
        "win32"
      ]
    },
    "node_modules/opencode-windows-x64": {
      "version": "1.18.34",
      "resolved": "https://registry.npmjs.org/opencode-windows-x64/-/opencode-windows-x64-1.18.34.tgz",
      "integrity": "sha512-Nbw1JUHcMd+6Zab97tvhiR/wzMBrtFbHMog3w+HssBqt0068BLdpPadLmo72+vPtBu+ZxXIZzqNB9R3qtca7qg==",
      "cpu": [
        "x64"
      ],
      "optional": true,
      "os": [
        "win32"
      ]
    },
    "node_modules/opencode-windows-x64-baseline": {
      "version": "1.18.34",
      "resolved": "https://registry.npmjs.org/opencode-windows-x64-baseline/-/opencode-windows-x64-baseline-1.18.34.tgz",
      "integrity": "sha512-Ng4R5BDWS/xHmHyjBC2hQpakIrvu3vYvO7U2oF820xjih1VJl4zON52VGtT4Zh1o6kbf8f6s7yLPMzzblGSXuw==",
      "cpu": [
        "x64"
      ],
      "optional": true,
      "os": [
        "win32"
      ]
    }
  }
}
